
Microsoft Visual Studio Solution File, Format Version 12.00
# Visual Studio 15
VisualStudioVersion = 15.0.28010.2026
MinimumVisualStudioVersion = 10.0.40219.1
Project("{FAE04EC0-301F-11D3-BF4B-00C04F79EFBC}") = "Pvz1", "Pvz1\Pvz1.csproj", "{7C7D1341-4ADB-4B2B-B0E9-8E503133F3CA}"
EndProject
Project("{FAE04EC0-301F-11D3-BF4B-00C04F79EFBC}") = "PracticalGuideCharts", "D:\ChromeDownloads\PracticalGuideCharts\PracticalGuideCharts\PracticalGuideCharts.csproj", "{1866D34E-AB53-47CD-A727-0E6FD9603E24}"
EndProject
Global
	GlobalSection(SolutionConfigurationPlatforms) = preSolution
		Debug|Any CPU = Debug|Any CPU
		Release|Any CPU = Release|Any CPU
	EndGlobalSection
	GlobalSection(ProjectConfigurationPlatforms) = postSolution
		{7C7D1341-4ADB-4B2B-B0E9-8E503133F3CA}.Debug|Any CPU.ActiveCfg = Debug|Any CPU
		{7C7D1341-4ADB-4B2B-B0E9-8E503133F3CA}.Debug|Any CPU.Build.0 = Debug|Any CPU
		{7C7D1341-4ADB-4B2B-B0E9-8E503133F3CA}.Release|Any CPU.ActiveCfg = Release|Any CPU
		{7C7D1341-4ADB-4B2B-B0E9-8E503133F3CA}.Release|Any CPU.Build.0 = Release|Any CPU
		{1866D34E-AB53-47CD-A727-0E6FD9603E24}.Debug|Any CPU.ActiveCfg = Debug|Any CPU
		{1866D34E-AB53-47CD-A727-0E6FD9603E24}.Debug|Any CPU.Build.0 = Debug|Any CPU
		{1866D34E-AB53-47CD-A727-0E6FD9603E24}.Release|Any CPU.ActiveCfg = Release|Any CPU
		{1866D34E-AB53-47CD-A727-0E6FD9603E24}.Release|Any CPU.Build.0 = Release|Any CPU
	EndGlobalSection
	GlobalSection(SolutionProperties) = preSolution
		HideSolutionNode = FALSE
	EndGlobalSection
	GlobalSection(ExtensibilityGlobals) = postSolution
		SolutionGuid = {F97AE75D-521A-476B-AA72-8CE352AD879C}
	EndGlobalSection
EndGlobal
